
Microsoft Visual Studio Solution File, Format Version 12.00
# Visual Studio Version 16
VisualStudioVersion = 16.0.31729.503
MinimumVisualStudioVersion = 10.0.40219.1
Project("{9A19103F-16F7-4668-BE54-9A1E7A4F7556}") = "cl2j.WebCoreTestApp", "cl2j.WebCoreTestApp\cl2j.WebCoreTestApp.csproj", "{1987D0A9-B888-4650-866B-F3C1D5A86961}"
EndProject
Project("{FAE04EC0-301F-11D3-BF4B-00C04F79EFBC}") = "cl2j.WebCore", "cl2j.WebCore\cl2j.WebCore.csproj", "{7536D136-BFE5-4BE3-AB2D-0BF0321B07B3}"
EndProject
Project("{9A19103F-16F7-4668-BE54-9A1E7A4F7556}") = "cl2j.DataStore.Core", "..\cl2j.DataStore\cl2j.DataStore.Core\cl2j.DataStore.Core.csproj", "{AF7DD27E-FFA2-4072-BDCF-A86911C2C92F}"
EndProject
Project("{9A19103F-16F7-4668-BE54-9A1E7A4F7556}") = "cl2j.DataStore.Json", "..\cl2j.DataStore\cl2j.DataStore.Json\cl2j.DataStore.Json.csproj", "{F5364C65-782D-46B0-AFC4-28EC1AFB42A4}"
EndProject
Global
	GlobalSection(SolutionConfigurationPlatforms) = preSolution
		Debug|Any CPU = Debug|Any CPU
		Release|Any CPU = Release|Any CPU
	EndGlobalSection
	GlobalSection(ProjectConfigurationPlatforms) = postSolution
		{1987D0A9-B888-4650-866B-F3C1D5A86961}.Debug|Any CPU.ActiveCfg = Debug|Any CPU
		{1987D0A9-B888-4650-866B-F3C1D5A86961}.Debug|Any CPU.Build.0 = Debug|Any CPU
		{1987D0A9-B888-4650-866B-F3C1D5A86961}.Release|Any CPU.ActiveCfg = Release|Any CPU
		{1987D0A9-B888-4650-866B-F3C1D5A86961}.Release|Any CPU.Build.0 = Release|Any CPU
		{7536D136-BFE5-4BE3-AB2D-0BF0321B07B3}.Debug|Any CPU.ActiveCfg = Debug|Any CPU
		{7536D136-BFE5-4BE3-AB2D-0BF0321B07B3}.Debug|Any CPU.Build.0 = Debug|Any CPU
		{7536D136-BFE5-4BE3-AB2D-0BF0321B07B3}.Release|Any CPU.ActiveCfg = Release|Any CPU
		{7536D136-BFE5-4BE3-AB2D-0BF0321B07B3}.Release|Any CPU.Build.0 = Release|Any CPU
		{AF7DD27E-FFA2-4072-BDCF-A86911C2C92F}.Debug|Any CPU.ActiveCfg = Debug|Any CPU
		{AF7DD27E-FFA2-4072-BDCF-A86911C2C92F}.Debug|Any CPU.Build.0 = Debug|Any CPU
		{AF7DD27E-FFA2-4072-BDCF-A86911C2C92F}.Release|Any CPU.ActiveCfg = Release|Any CPU
		{AF7DD27E-FFA2-4072-BDCF-A86911C2C92F}.Release|Any CPU.Build.0 = Release|Any CPU
		{F5364C65-782D-46B0-AFC4-28EC1AFB42A4}.Debug|Any CPU.ActiveCfg = Debug|Any CPU
		{F5364C65-782D-46B0-AFC4-28EC1AFB42A4}.Debug|Any CPU.Build.0 = Debug|Any CPU
		{F5364C65-782D-46B0-AFC4-28EC1AFB42A4}.Release|Any CPU.ActiveCfg = Release|Any CPU
		{F5364C65-782D-46B0-AFC4-28EC1AFB42A4}.Release|Any CPU.Build.0 = Release|Any CPU
	EndGlobalSection
	GlobalSection(SolutionProperties) = preSolution
		HideSolutionNode = FALSE
	EndGlobalSection
	GlobalSection(ExtensibilityGlobals) = postSolution
		SolutionGuid = {2FAC6AA4-CBD9-4280-8524-7DA55B929C9D}
	EndGlobalSection
EndGlobal
